// !$*UTF8*$!
{
	archiveVersion = 1;
	classes = {
	};
	objectVersion = 56;
	objects = {

/* Begin PBXBuildFile section */
		3F0941CA2946DD0300468CB8 /* Pods_pizza.framework in Frameworks */ = {isa = PBXBuildFile; fileRef = 8BB77C336054EE6A2162FD87 /* Pods_pizza.framework */; };
		BEAFE40329D97BCB00EEAFDB /* AppDelegate.swift in Sources */ = {isa = PBXBuildFile; fileRef = BEAFE40229D97BCB00EEAFDB /* AppDelegate.swift */; };
		BEAFE40529D97BCB00EEAFDB /* SceneDelegate.swift in Sources */ = {isa = PBXBuildFile; fileRef = BEAFE40429D97BCB00EEAFDB /* SceneDelegate.swift */; };
		BEAFE40729D97BCB00EEAFDB /* HomeViewController.swift in Sources */ = {isa = PBXBuildFile; fileRef = BEAFE40629D97BCB00EEAFDB /* HomeViewController.swift */; };
		BEAFE40C29D97BCC00EEAFDB /* Assets.xcassets in Resources */ = {isa = PBXBuildFile; fileRef = BEAFE40B29D97BCC00EEAFDB /* Assets.xcassets */; };
		BEAFE40F29D97BCC00EEAFDB /* LaunchScreen.storyboard in Resources */ = {isa = PBXBuildFile; fileRef = BEAFE40D29D97BCC00EEAFDB /* LaunchScreen.storyboard */; };
		BEAFE41829D97E6200EEAFDB /* Color.swift in Sources */ = {isa = PBXBuildFile; fileRef = BEAFE41729D97E6200EEAFDB /* Color.swift */; };
		BEAFE41D29D9801500EEAFDB /* DetailViewController.swift in Sources */ = {isa = PBXBuildFile; fileRef = BEAFE41C29D9801500EEAFDB /* DetailViewController.swift */; };
		BEAFE42229D9805400EEAFDB /* CartViewController.swift in Sources */ = {isa = PBXBuildFile; fileRef = BEAFE42129D9805400EEAFDB /* CartViewController.swift */; };
		BEAFE42429D9806B00EEAFDB /* MyOrdersViewController.swift in Sources */ = {isa = PBXBuildFile; fileRef = BEAFE42329D9806B00EEAFDB /* MyOrdersViewController.swift */; };
		BEAFE42629D9808400EEAFDB /* FavoriteViewController.swift in Sources */ = {isa = PBXBuildFile; fileRef = BEAFE42529D9808400EEAFDB /* FavoriteViewController.swift */; };
		BEAFE42A29D981C000EEAFDB /* CategoryFoodCollectionViewCell.swift in Sources */ = {isa = PBXBuildFile; fileRef = BEAFE42929D981C000EEAFDB /* CategoryFoodCollectionViewCell.swift */; };
		BEAFE42C29D981D700EEAFDB /* PizzaCollectionViewCell.swift in Sources */ = {isa = PBXBuildFile; fileRef = BEAFE42B29D981D700EEAFDB /* PizzaCollectionViewCell.swift */; };
		BEAFE43229D9EC7100EEAFDB /* Food.swift in Sources */ = {isa = PBXBuildFile; fileRef = BEAFE43129D9EC7100EEAFDB /* Food.swift */; };
/* End PBXBuildFile section */

/* Begin PBXFileReference section */
		06D898DC546CDB795F6D321B /* Pods-pizza.debug.xcconfig */ = {isa = PBXFileReference; includeInIndex = 1; lastKnownFileType = text.xcconfig; name = "Pods-pizza.debug.xcconfig"; path = "Target Support Files/Pods-pizza/Pods-pizza.debug.xcconfig"; sourceTree = "<group>"; };
		2BD4D2F57C18FFDE9F14A369 /* Pods-pizza.release.xcconfig */ = {isa = PBXFileReference; includeInIndex = 1; lastKnownFileType = text.xcconfig; name = "Pods-pizza.release.xcconfig"; path = "Target Support Files/Pods-pizza/Pods-pizza.release.xcconfig"; sourceTree = "<group>"; };
		8BB77C336054EE6A2162FD87 /* Pods_pizza.framework */ = {isa = PBXFileReference; explicitFileType = wrapper.framework; includeInIndex = 0; path = Pods_pizza.framework; sourceTree = BUILT_PRODUCTS_DIR; };
		BEAFE3FF29D97BCB00EEAFDB /* pizza.app */ = {isa = PBXFileReference; explicitFileType = wrapper.application; includeInIndex = 0; path = pizza.app; sourceTree = BUILT_PRODUCTS_DIR; };
		BEAFE40229D97BCB00EEAFDB /* AppDelegate.swift */ = {isa = PBXFileReference; lastKnownFileType = sourcecode.swift; path = AppDelegate.swift; sourceTree = "<group>"; };
		BEAFE40429D97BCB00EEAFDB /* SceneDelegate.swift */ = {isa = PBXFileReference; lastKnownFileType = sourcecode.swift; path = SceneDelegate.swift; sourceTree = "<group>"; };
		BEAFE40629D97BCB00EEAFDB /* HomeViewController.swift */ = {isa = PBXFileReference; lastKnownFileType = sourcecode.swift; path = HomeViewController.swift; sourceTree = "<group>"; };
		BEAFE40B29D97BCC00EEAFDB /* Assets.xcassets */ = {isa = PBXFileReference; lastKnownFileType = folder.assetcatalog; path = Assets.xcassets; sourceTree = "<group>"; };
		BEAFE40E29D97BCC00EEAFDB /* Base */ = {isa = PBXFileReference; lastKnownFileType = file.storyboard; name = Base; path = Base.lproj/LaunchScreen.storyboard; sourceTree = "<group>"; };
		BEAFE41029D97BCC00EEAFDB /* Info.plist */ = {isa = PBXFileReference; lastKnownFileType = text.plist.xml; path = Info.plist; sourceTree = "<group>"; };
		BEAFE41729D97E6200EEAFDB /* Color.swift */ = {isa = PBXFileReference; lastKnownFileType = sourcecode.swift; path = Color.swift; sourceTree = "<group>"; };
		BEAFE41C29D9801500EEAFDB /* DetailViewController.swift */ = {isa = PBXFileReference; lastKnownFileType = sourcecode.swift; path = DetailViewController.swift; sourceTree = "<group>"; };
		BEAFE42129D9805400EEAFDB /* CartViewController.swift */ = {isa = PBXFileReference; lastKnownFileType = sourcecode.swift; path = CartViewController.swift; sourceTree = "<group>"; };
		BEAFE42329D9806B00EEAFDB /* MyOrdersViewController.swift */ = {isa = PBXFileReference; lastKnownFileType = sourcecode.swift; path = MyOrdersViewController.swift; sourceTree = "<group>"; };
		BEAFE42529D9808400EEAFDB /* FavoriteViewController.swift */ = {isa = PBXFileReference; lastKnownFileType = sourcecode.swift; path = FavoriteViewController.swift; sourceTree = "<group>"; };
		BEAFE42929D981C000EEAFDB /* CategoryFoodCollectionViewCell.swift */ = {isa = PBXFileReference; lastKnownFileType = sourcecode.swift; path = CategoryFoodCollectionViewCell.swift; sourceTree = "<group>"; };
		BEAFE42B29D981D700EEAFDB /* PizzaCollectionViewCell.swift */ = {isa = PBXFileReference; lastKnownFileType = sourcecode.swift; path = PizzaCollectionViewCell.swift; sourceTree = "<group>"; };
		BEAFE43129D9EC7100EEAFDB /* Food.swift */ = {isa = PBXFileReference; lastKnownFileType = sourcecode.swift; path = Food.swift; sourceTree = "<group>"; };
/* End PBXFileReference section */

/* Begin PBXFrameworksBuildPhase section */
		BEAFE3FC29D97BCB00EEAFDB /* Frameworks */ = {
			isa = PBXFrameworksBuildPhase;
			buildActionMask = 2147483647;
			files = (
				3F0941CA2946DD0300468CB8 /* Pods_pizza.framework in Frameworks */,
			);
			runOnlyForDeploymentPostprocessing = 0;
		};
/* End PBXFrameworksBuildPhase section */

/* Begin PBXGroup section */
		2AF0B18464368C72FEEAEED1 /* Frameworks */ = {
			isa = PBXGroup;
			children = (
				8BB77C336054EE6A2162FD87 /* Pods_pizza.framework */,
			);
			name = Frameworks;
			sourceTree = "<group>";
		};
		BEAFE3F629D97BCB00EEAFDB = {
			isa = PBXGroup;
			children = (
				BEAFE40129D97BCB00EEAFDB /* pizza */,
				BEAFE40029D97BCB00EEAFDB /* Products */,
				F8F7A9148AC2486C796DCEE9 /* Pods */,
				2AF0B18464368C72FEEAEED1 /* Frameworks */,
			);
			sourceTree = "<group>";
		};
		BEAFE40029D97BCB00EEAFDB /* Products */ = {
			isa = PBXGroup;
			children = (
				BEAFE3FF29D97BCB00EEAFDB /* pizza.app */,
			);
			name = Products;
			sourceTree = "<group>";
		};
		BEAFE40129D97BCB00EEAFDB /* pizza */ = {
			isa = PBXGroup;
			children = (
				BEAFE43029D9EC5C00EEAFDB /* Models */,
				BEAFE41029D97BCC00EEAFDB /* Info.plist */,
				BEAFE42829D9819400EEAFDB /* CustomCell */,
				BEAFE42729D980A400EEAFDB /* Resources */,
				BEAFE41A29D97FD300EEAFDB /* Controllers */,
				BEAFE41929D97F8D00EEAFDB /* Application */,
				BEAFE41629D97E4D00EEAFDB /* utils */,
			);
			path = pizza;
			sourceTree = "<group>";
		};
		BEAFE41629D97E4D00EEAFDB /* utils */ = {
			isa = PBXGroup;
			children = (
				BEAFE41729D97E6200EEAFDB /* Color.swift */,
			);
			path = utils;
			sourceTree = "<group>";
		};
		BEAFE41929D97F8D00EEAFDB /* Application */ = {
			isa = PBXGroup;
			children = (
				BEAFE40229D97BCB00EEAFDB /* AppDelegate.swift */,
				BEAFE40429D97BCB00EEAFDB /* SceneDelegate.swift */,
			);
			path = Application;
			sourceTree = "<group>";
		};
		BEAFE41A29D97FD300EEAFDB /* Controllers */ = {
			isa = PBXGroup;
			children = (
				BEAFE42029D9804500EEAFDB /* Cart */,
				BEAFE41F29D9803800EEAFDB /* MyOrders */,
				BEAFE41E29D9802E00EEAFDB /* Favorite */,
				BEAFE41B29D97FE600EEAFDB /* Home */,
			);
			path = Controllers;
			sourceTree = "<group>";
		};
		BEAFE41B29D97FE600EEAFDB /* Home */ = {
			isa = PBXGroup;
			children = (
				BEAFE40629D97BCB00EEAFDB /* HomeViewController.swift */,
				BEAFE41C29D9801500EEAFDB /* DetailViewController.swift */,
			);
			path = Home;
			sourceTree = "<group>";
		};
		BEAFE41E29D9802E00EEAFDB /* Favorite */ = {
			isa = PBXGroup;
			children = (
				BEAFE42529D9808400EEAFDB /* FavoriteViewController.swift */,
			);
			path = Favorite;
			sourceTree = "<group>";
		};
		BEAFE41F29D9803800EEAFDB /* MyOrders */ = {
			isa = PBXGroup;
			children = (
				BEAFE42329D9806B00EEAFDB /* MyOrdersViewController.swift */,
			);
			path = MyOrders;
			sourceTree = "<group>";
		};
		BEAFE42029D9804500EEAFDB /* Cart */ = {
			isa = PBXGroup;
			children = (
				BEAFE42129D9805400EEAFDB /* CartViewController.swift */,
			);
			path = Cart;
			sourceTree = "<group>";
		};
		BEAFE42729D980A400EEAFDB /* Resources */ = {
			isa = PBXGroup;
			children = (
				BEAFE40B29D97BCC00EEAFDB /* Assets.xcassets */,
				BEAFE40D29D97BCC00EEAFDB /* LaunchScreen.storyboard */,
			);
			path = Resources;
			sourceTree = "<group>";
		};
		BEAFE42829D9819400EEAFDB /* CustomCell */ = {
			isa = PBXGroup;
			children = (
				BEAFE42929D981C000EEAFDB /* CategoryFoodCollectionViewCell.swift */,
				BEAFE42B29D981D700EEAFDB /* PizzaCollectionViewCell.swift */,
			);
			path = CustomCell;
			sourceTree = "<group>";
		};
		BEAFE43029D9EC5C00EEAFDB /* Models */ = {
			isa = PBXGroup;
			children = (
				BEAFE43129D9EC7100EEAFDB /* Food.swift */,
			);
			path = Models;
			sourceTree = "<group>";
		};
		F8F7A9148AC2486C796DCEE9 /* Pods */ = {
			isa = PBXGroup;
			children = (
				06D898DC546CDB795F6D321B /* Pods-pizza.debug.xcconfig */,
				2BD4D2F57C18FFDE9F14A369 /* Pods-pizza.release.xcconfig */,
			);
			path = Pods;
			sourceTree = "<group>";
		};
/* End PBXGroup section */

/* Begin PBXNativeTarget section */
		BEAFE3FE29D97BCB00EEAFDB /* pizza */ = {
			isa = PBXNativeTarget;
			buildConfigurationList = BEAFE41329D97BCC00EEAFDB /* Build configuration list for PBXNativeTarget "pizza" */;
			buildPhases = (
				22601E127EC4E7A8ACECD3D8 /* [CP] Check Pods Manifest.lock */,
				BEAFE3FB29D97BCB00EEAFDB /* Sources */,
				BEAFE3FC29D97BCB00EEAFDB /* Frameworks */,
				BEAFE3FD29D97BCB00EEAFDB /* Resources */,
				0CFA1AA6F999A3E6AFA12161 /* [CP] Embed Pods Frameworks */,
			);
			buildRules = (
			);
			dependencies = (
			);
			name = pizza;
			productName = pizza;
			productReference = BEAFE3FF29D97BCB00EEAFDB /* pizza.app */;
			productType = "com.apple.product-type.application";
		};
/* End PBXNativeTarget section */

/* Begin PBXProject section */
		BEAFE3F729D97BCB00EEAFDB /* Project object */ = {
			isa = PBXProject;
			attributes = {
				BuildIndependentTargetsInParallel = 1;
				LastSwiftUpdateCheck = 1400;
				LastUpgradeCheck = 1400;
				TargetAttributes = {
					BEAFE3FE29D97BCB00EEAFDB = {
						CreatedOnToolsVersion = 14.0.1;
					};
				};
			};
			buildConfigurationList = BEAFE3FA29D97BCB00EEAFDB /* Build configuration list for PBXProject "pizza" */;
			compatibilityVersion = "Xcode 14.0";
			developmentRegion = en;
			hasScannedForEncodings = 0;
			knownRegions = (
				en,
				Base,
			);
			mainGroup = BEAFE3F629D97BCB00EEAFDB;
			productRefGroup = BEAFE40029D97BCB00EEAFDB /* Products */;
			projectDirPath = "";
			projectRoot = "";
			targets = (
				BEAFE3FE29D97BCB00EEAFDB /* pizza */,
			);
		};
/* End PBXProject section */

/* Begin PBXResourcesBuildPhase section */
		BEAFE3FD29D97BCB00EEAFDB /* Resources */ = {
			isa = PBXResourcesBuildPhase;
			buildActionMask = 2147483647;
			files = (
				BEAFE40F29D97BCC00EEAFDB /* LaunchScreen.storyboard in Resources */,
				BEAFE40C29D97BCC00EEAFDB /* Assets.xcassets in Resources */,
			);
			runOnlyForDeploymentPostprocessing = 0;
		};
/* End PBXResourcesBuildPhase section */

/* Begin PBXShellScriptBuildPhase section */
		0CFA1AA6F999A3E6AFA12161 /* [CP] Embed Pods Frameworks */ = {
			isa = PBXShellScriptBuildPhase;
			buildActionMask = 2147483647;
			files = (
			);
			inputFileListPaths = (
				"${PODS_ROOT}/Target Support Files/Pods-pizza/Pods-pizza-frameworks-${CONFIGURATION}-input-files.xcfilelist",
			);
			name = "[CP] Embed Pods Frameworks";
			outputFileListPaths = (
				"${PODS_ROOT}/Target Support Files/Pods-pizza/Pods-pizza-frameworks-${CONFIGURATION}-output-files.xcfilelist",
			);
			runOnlyForDeploymentPostprocessing = 0;
			shellPath = /bin/sh;
			shellScript = "\"${PODS_ROOT}/Target Support Files/Pods-pizza/Pods-pizza-frameworks.sh\"\n";
			showEnvVarsInLog = 0;
		};
		22601E127EC4E7A8ACECD3D8 /* [CP] Check Pods Manifest.lock */ = {
			isa = PBXShellScriptBuildPhase;
			buildActionMask = 2147483647;
			files = (
			);
			inputFileListPaths = (
			);
			inputPaths = (
				"${PODS_PODFILE_DIR_PATH}/Podfile.lock",
				"${PODS_ROOT}/Manifest.lock",
			);
			name = "[CP] Check Pods Manifest.lock";
			outputFileListPaths = (
			);
			outputPaths = (
				"$(DERIVED_FILE_DIR)/Pods-pizza-checkManifestLockResult.txt",
			);
			runOnlyForDeploymentPostprocessing = 0;
			shellPath = /bin/sh;
			shellScript = "diff \"${PODS_PODFILE_DIR_PATH}/Podfile.lock\" \"${PODS_ROOT}/Manifest.lock\" > /dev/null\nif [ $? != 0 ] ; then\n    # print error to STDERR\n    echo \"error: The sandbox is not in sync with the Podfile.lock. Run 'pod install' or update your CocoaPods installation.\" >&2\n    exit 1\nfi\n# This output is used by Xcode 'outputs' to avoid re-running this script phase.\necho \"SUCCESS\" > \"${SCRIPT_OUTPUT_FILE_0}\"\n";
			showEnvVarsInLog = 0;
		};
/* End PBXShellScriptBuildPhase section */

/* Begin PBXSourcesBuildPhase section */
		BEAFE3FB29D97BCB00EEAFDB /* Sources */ = {
			isa = PBXSourcesBuildPhase;
			buildActionMask = 2147483647;
			files = (
				BEAFE43229D9EC7100EEAFDB /* Food.swift in Sources */,
				BEAFE40729D97BCB00EEAFDB /* HomeViewController.swift in Sources */,
				BEAFE41829D97E6200EEAFDB /* Color.swift in Sources */,
				BEAFE41D29D9801500EEAFDB /* DetailViewController.swift in Sources */,
				BEAFE40329D97BCB00EEAFDB /* AppDelegate.swift in Sources */,
				BEAFE42429D9806B00EEAFDB /* MyOrdersViewController.swift in Sources */,
				BEAFE42229D9805400EEAFDB /* CartViewController.swift in Sources */,
				BEAFE42629D9808400EEAFDB /* FavoriteViewController.swift in Sources */,
				BEAFE42A29D981C000EEAFDB /* CategoryFoodCollectionViewCell.swift in Sources */,
				BEAFE40529D97BCB00EEAFDB /* SceneDelegate.swift in Sources */,
				BEAFE42C29D981D700EEAFDB /* PizzaCollectionViewCell.swift in Sources */,
			);
			runOnlyForDeploymentPostprocessing = 0;
		};
/* End PBXSourcesBuildPhase section */

/* Begin PBXVariantGroup section */
		BEAFE40D29D97BCC00EEAFDB /* LaunchScreen.storyboard */ = {
			isa = PBXVariantGroup;
			children = (
				BEAFE40E29D97BCC00EEAFDB /* Base */,
			);
			name = LaunchScreen.storyboard;
			sourceTree = "<group>";
		};
/* End PBXVariantGroup section */

/* Begin XCBuildConfiguration section */
		BEAFE41129D97BCC00EEAFDB /* Debug */ = {
			isa = XCBuildConfiguration;
			buildSettings = {
				ALWAYS_SEARCH_USER_PATHS = NO;
				CLANG_ANALYZER_NONNULL = YES;
				CLANG_ANALYZER_NUMBER_OBJECT_CONVERSION = YES_AGGRESSIVE;
				CLANG_CXX_LANGUAGE_STANDARD = "gnu++20";
				CLANG_ENABLE_MODULES = YES;
				CLANG_ENABLE_OBJC_ARC = YES;
				CLANG_ENABLE_OBJC_WEAK = YES;
				CLANG_WARN_BLOCK_CAPTURE_AUTORELEASING = YES;
				CLANG_WARN_BOOL_CONVERSION = YES;
				CLANG_WARN_COMMA = YES;
				CLANG_WARN_CONSTANT_CONVERSION = YES;
				CLANG_WARN_DEPRECATED_OBJC_IMPLEMENTATIONS = YES;
				CLANG_WARN_DIRECT_OBJC_ISA_USAGE = YES_ERROR;
				CLANG_WARN_DOCUMENTATION_COMMENTS = YES;
				CLANG_WARN_EMPTY_BODY = YES;
				CLANG_WARN_ENUM_CONVERSION = YES;
				CLANG_WARN_INFINITE_RECURSION = YES;
				CLANG_WARN_INT_CONVERSION = YES;
				CLANG_WARN_NON_LITERAL_NULL_CONVERSION = YES;
				CLANG_WARN_OBJC_IMPLICIT_RETAIN_SELF = YES;
				CLANG_WARN_OBJC_LITERAL_CONVERSION = YES;
				CLANG_WARN_OBJC_ROOT_CLASS = YES_ERROR;
				CLANG_WARN_QUOTED_INCLUDE_IN_FRAMEWORK_HEADER = YES;
				CLANG_WARN_RANGE_LOOP_ANALYSIS = YES;
				CLANG_WARN_STRICT_PROTOTYPES = YES;
				CLANG_WARN_SUSPICIOUS_MOVE = YES;
				CLANG_WARN_UNGUARDED_AVAILABILITY = YES_AGGRESSIVE;
				CLANG_WARN_UNREACHABLE_CODE = YES;
				CLANG_WARN__DUPLICATE_METHOD_MATCH = YES;
				COPY_PHASE_STRIP = NO;
				DEBUG_INFORMATION_FORMAT = dwarf;
				ENABLE_STRICT_OBJC_MSGSEND = YES;
				ENABLE_TESTABILITY = YES;
				GCC_C_LANGUAGE_STANDARD = gnu11;
				GCC_DYNAMIC_NO_PIC = NO;
				GCC_NO_COMMON_BLOCKS = YES;
				GCC_OPTIMIZATION_LEVEL = 0;
				GCC_PREPROCESSOR_DEFINITIONS = (
					"DEBUG=1",
					"$(inherited)",
				);
				GCC_WARN_64_TO_32_BIT_CONVERSION = YES;
				GCC_WARN_ABOUT_RETURN_TYPE = YES_ERROR;
				GCC_WARN_UNDECLARED_SELECTOR = YES;
				GCC_WARN_UNINITIALIZED_AUTOS = YES_AGGRESSIVE;
				GCC_WARN_UNUSED_FUNCTION = YES;
				GCC_WARN_UNUSED_VARIABLE = YES;
				IPHONEOS_DEPLOYMENT_TARGET = 16.0;
				MTL_ENABLE_DEBUG_INFO = INCLUDE_SOURCE;
				MTL_FAST_MATH = YES;
				ONLY_ACTIVE_ARCH = YES;
				SDKROOT = iphoneos;
				SWIFT_ACTIVE_COMPILATION_CONDITIONS = DEBUG;
				SWIFT_OPTIMIZATION_LEVEL = "-Onone";
			};
			name = Debug;
		};
		BEAFE41229D97BCC00EEAFDB /* Release */ = {
			isa = XCBuildConfiguration;
			buildSettings = {
				ALWAYS_SEARCH_USER_PATHS = NO;
				CLANG_ANALYZER_NONNULL = YES;
				CLANG_ANALYZER_NUMBER_OBJECT_CONVERSION = YES_AGGRESSIVE;
				CLANG_CXX_LANGUAGE_STANDARD = "gnu++20";
				CLANG_ENABLE_MODULES = YES;
				CLANG_ENABLE_OBJC_ARC = YES;
				CLANG_ENABLE_OBJC_WEAK = YES;
				CLANG_WARN_BLOCK_CAPTURE_AUTORELEASING = YES;
				CLANG_WARN_BOOL_CONVERSION = YES;
				CLANG_WARN_COMMA = YES;
				CLANG_WARN_CONSTANT_CONVERSION = YES;
				CLANG_WARN_DEPRECATED_OBJC_IMPLEMENTATIONS = YES;
				CLANG_WARN_DIRECT_OBJC_ISA_USAGE = YES_ERROR;
				CLANG_WARN_DOCUMENTATION_COMMENTS = YES;
				CLANG_WARN_EMPTY_BODY = YES;
				CLANG_WARN_ENUM_CONVERSION = YES;
				CLANG_WARN_INFINITE_RECURSION = YES;
				CLANG_WARN_INT_CONVERSION = YES;
				CLANG_WARN_NON_LITERAL_NULL_CONVERSION = YES;
				CLANG_WARN_OBJC_IMPLICIT_RETAIN_SELF = YES;
				CLANG_WARN_OBJC_LITERAL_CONVERSION = YES;
				CLANG_WARN_OBJC_ROOT_CLASS = YES_ERROR;
				CLANG_WARN_QUOTED_INCLUDE_IN_FRAMEWORK_HEADER = YES;
				CLANG_WARN_RANGE_LOOP_ANALYSIS = YES;
				CLANG_WARN_STRICT_PROTOTYPES = YES;
				CLANG_WARN_SUSPICIOUS_MOVE = YES;
				CLANG_WARN_UNGUARDED_AVAILABILITY = YES_AGGRESSIVE;
				CLANG_WARN_UNREACHABLE_CODE = YES;
				CLANG_WARN__DUPLICATE_METHOD_MATCH = YES;
				COPY_PHASE_STRIP = NO;
				DEBUG_INFORMATION_FORMAT = "dwarf-with-dsym";
				ENABLE_NS_ASSERTIONS = NO;
				ENABLE_STRICT_OBJC_MSGSEND = YES;
				GCC_C_LANGUAGE_STANDARD = gnu11;
				GCC_NO_COMMON_BLOCKS = YES;
				GCC_WARN_64_TO_32_BIT_CONVERSION = YES;
				GCC_WARN_ABOUT_RETURN_TYPE = YES_ERROR;
				GCC_WARN_UNDECLARED_SELECTOR = YES;
				GCC_WARN_UNINITIALIZED_AUTOS = YES_AGGRESSIVE;
				GCC_WARN_UNUSED_FUNCTION = YES;
				GCC_WARN_UNUSED_VARIABLE = YES;
				IPHONEOS_DEPLOYMENT_TARGET = 16.0;
				MTL_ENABLE_DEBUG_INFO = NO;
				MTL_FAST_MATH = YES;
				SDKROOT = iphoneos;
				SWIFT_COMPILATION_MODE = wholemodule;
				SWIFT_OPTIMIZATION_LEVEL = "-O";
				VALIDATE_PRODUCT = YES;
			};
			name = Release;
		};
		BEAFE41429D97BCC00EEAFDB /* Debug */ = {
			isa = XCBuildConfiguration;
			baseConfigurationReference = 06D898DC546CDB795F6D321B /* Pods-pizza.debug.xcconfig */;
			buildSettings = {
				ASSETCATALOG_COMPILER_APPICON_NAME = AppIcon;
				ASSETCATALOG_COMPILER_GLOBAL_ACCENT_COLOR_NAME = AccentColor;
				CODE_SIGN_STYLE = Automatic;
				CURRENT_PROJECT_VERSION = 1;
				DEVELOPMENT_TEAM = 5D8GMHCN78;
				GENERATE_INFOPLIST_FILE = YES;
				INFOPLIST_FILE = pizza/Info.plist;
				INFOPLIST_KEY_UIApplicationSupportsIndirectInputEvents = YES;
				INFOPLIST_KEY_UILaunchStoryboardName = LaunchScreen;
				INFOPLIST_KEY_UISupportedInterfaceOrientations_iPad = "UIInterfaceOrientationPortrait UIInterfaceOrientationPortraitUpsideDown UIInterfaceOrientationLandscapeLeft UIInterfaceOrientationLandscapeRight";
				INFOPLIST_KEY_UISupportedInterfaceOrientations_iPhone = "UIInterfaceOrientationPortrait UIInterfaceOrientationLandscapeLeft UIInterfaceOrientationLandscapeRight";
				LD_RUNPATH_SEARCH_PATHS = (
					"$(inherited)",
					"@executable_path/Frameworks",
				);
				MARKETING_VERSION = 1.0;
				PRODUCT_BUNDLE_IDENTIFIER = com.bael.pizza;
				PRODUCT_NAME = "$(TARGET_NAME)";
				SWIFT_EMIT_LOC_STRINGS = YES;
				SWIFT_VERSION = 5.0;
				TARGETED_DEVICE_FAMILY = "1,2";
			};
			name = Debug;
		};
		BEAFE41529D97BCC00EEAFDB /* Release */ = {
			isa = XCBuildConfiguration;
			baseConfigurationReference = 2BD4D2F57C18FFDE9F14A369 /* Pods-pizza.release.xcconfig */;
			buildSettings = {
				ASSETCATALOG_COMPILER_APPICON_NAME = AppIcon;
				ASSETCATALOG_COMPILER_GLOBAL_ACCENT_COLOR_NAME = AccentColor;
				CODE_SIGN_STYLE = Automatic;
				CURRENT_PROJECT_VERSION = 1;
				DEVELOPMENT_TEAM = 5D8GMHCN78;
				GENERATE_INFOPLIST_FILE = YES;
				INFOPLIST_FILE = pizza/Info.plist;
				INFOPLIST_KEY_UIApplicationSupportsIndirectInputEvents = YES;
				INFOPLIST_KEY_UILaunchStoryboardName = LaunchScreen;
				INFOPLIST_KEY_UISupportedInterfaceOrientations_iPad = "UIInterfaceOrientationPortrait UIInterfaceOrientationPortraitUpsideDown UIInterfaceOrientationLandscapeLeft UIInterfaceOrientationLandscapeRight";
				INFOPLIST_KEY_UISupportedInterfaceOrientations_iPhone = "UIInterfaceOrientationPortrait UIInterfaceOrientationLandscapeLeft UIInterfaceOrientationLandscapeRight";
				LD_RUNPATH_SEARCH_PATHS = (
					"$(inherited)",
					"@executable_path/Frameworks",
				);
				MARKETING_VERSION = 1.0;
				PRODUCT_BUNDLE_IDENTIFIER = com.bael.pizza;
				PRODUCT_NAME = "$(TARGET_NAME)";
				SWIFT_EMIT_LOC_STRINGS = YES;
				SWIFT_VERSION = 5.0;
				TARGETED_DEVICE_FAMILY = "1,2";
			};
			name = Release;
		};
/* End XCBuildConfiguration section */

/* Begin XCConfigurationList section */
		BEAFE3FA29D97BCB00EEAFDB /* Build configuration list for PBXProject "pizza" */ = {
			isa = XCConfigurationList;
			buildConfigurations = (
				BEAFE41129D97BCC00EEAFDB /* Debug */,
				BEAFE41229D97BCC00EEAFDB /* Release */,
			);
			defaultConfigurationIsVisible = 0;
			defaultConfigurationName = Release;
		};
		BEAFE41329D97BCC00EEAFDB /* Build configuration list for PBXNativeTarget "pizza" */ = {
			isa = XCConfigurationList;
			buildConfigurations = (
				BEAFE41429D97BCC00EEAFDB /* Debug */,
				BEAFE41529D97BCC00EEAFDB /* Release */,
			);
			defaultConfigurationIsVisible = 0;
			defaultConfigurationName = Release;
		};
/* End XCConfigurationList section */
	};
	rootObject = BEAFE3F729D97BCB00EEAFDB /* Project object */;
}
